
Microsoft Visual Studio Solution File, Format Version 12.00
# Visual Studio 2012
Project("{FAE04EC0-301F-11D3-BF4B-00C04F79EFBC}") = "DB", "DB.csproj", "{FB17512D-3A32-4DB7-84D7-CA44AEC46049}"
EndProject
Project("{FAE04EC0-301F-11D3-BF4B-00C04F79EFBC}") = "DB.UITests", "DB.UITests\DB.UITests.csproj", "{FF4BF834-6C73-4BE7-A5AB-E47B66FD4991}"
EndProject
Global
	GlobalSection(SolutionConfigurationPlatforms) = preSolution
		Debug|Any CPU = Debug|Any CPU
		Release|Any CPU = Release|Any CPU
	EndGlobalSection
	GlobalSection(ProjectConfigurationPlatforms) = postSolution
		{FB17512D-3A32-4DB7-84D7-CA44AEC46049}.Debug|Any CPU.ActiveCfg = Debug|Any CPU
		{FB17512D-3A32-4DB7-84D7-CA44AEC46049}.Debug|Any CPU.Build.0 = Debug|Any CPU
		{FB17512D-3A32-4DB7-84D7-CA44AEC46049}.Release|Any CPU.ActiveCfg = Release|Any CPU
		{FB17512D-3A32-4DB7-84D7-CA44AEC46049}.Release|Any CPU.Build.0 = Release|Any CPU
		{FF4BF834-6C73-4BE7-A5AB-E47B66FD4991}.Debug|Any CPU.ActiveCfg = Debug|Any CPU
		{FF4BF834-6C73-4BE7-A5AB-E47B66FD4991}.Debug|Any CPU.Build.0 = Debug|Any CPU
		{FF4BF834-6C73-4BE7-A5AB-E47B66FD4991}.Release|Any CPU.ActiveCfg = Release|Any CPU
		{FF4BF834-6C73-4BE7-A5AB-E47B66FD4991}.Release|Any CPU.Build.0 = Release|Any CPU
	EndGlobalSection
EndGlobal
